
Microsoft Visual Studio Solution File, Format Version 12.00
# Visual Studio Version 17
VisualStudioVersion = 17.8.34322.80
MinimumVisualStudioVersion = 15.0.26124.0
Project("{9A19103F-16F7-4668-BE54-9A1E7A4F7556}") = "NtfsReader", "src\NtfsReader\NtfsReader.csproj", "{47E1DEFA-D30D-465A-AAFD-1EC31C8117AE}"
EndProject
Project("{FAE04EC0-301F-11D3-BF4B-00C04F79EFBC}") = "NtfsReader.Sample", "src\NtfsReader.Sample\NtfsReader.Sample.csproj", "{0AAB9D06-E63D-4C2D-8567-F3BCB6162565}"
EndProject
Project("{2150E333-8FDC-42A3-9474-1A3956D46DE8}") = "src", "src", "{827E0CD3-B72D-47B6-A68D-7590B98EB39B}"
EndProject
Project("{FAE04EC0-301F-11D3-BF4B-00C04F79EFBC}") = "NtfsReader.Tests", "src\NtfsReader.Tests\NtfsReader.Tests.csproj", "{94BD919A-6E4C-44EA-B12D-1A1BD68B1A48}"
EndProject
Global
	GlobalSection(SolutionConfigurationPlatforms) = preSolution
		Debug|Any CPU = Debug|Any CPU
		Debug|x64 = Debug|x64
		Debug|x86 = Debug|x86
		Release|Any CPU = Release|Any CPU
		Release|x64 = Release|x64
		Release|x86 = Release|x86
	EndGlobalSection
	GlobalSection(ProjectConfigurationPlatforms) = postSolution
		{47E1DEFA-D30D-465A-AAFD-1EC31C8117AE}.Debug|Any CPU.ActiveCfg = Debug|Any CPU
		{47E1DEFA-D30D-465A-AAFD-1EC31C8117AE}.Debug|Any CPU.Build.0 = Debug|Any CPU
		{47E1DEFA-D30D-465A-AAFD-1EC31C8117AE}.Debug|x64.ActiveCfg = Debug|Any CPU
		{47E1DEFA-D30D-465A-AAFD-1EC31C8117AE}.Debug|x64.Build.0 = Debug|Any CPU
		{47E1DEFA-D30D-465A-AAFD-1EC31C8117AE}.Debug|x86.ActiveCfg = Debug|Any CPU
		{47E1DEFA-D30D-465A-AAFD-1EC31C8117AE}.Debug|x86.Build.0 = Debug|Any CPU
		{47E1DEFA-D30D-465A-AAFD-1EC31C8117AE}.Release|Any CPU.ActiveCfg = Release|Any CPU
		{47E1DEFA-D30D-465A-AAFD-1EC31C8117AE}.Release|Any CPU.Build.0 = Release|Any CPU
		{47E1DEFA-D30D-465A-AAFD-1EC31C8117AE}.Release|x64.ActiveCfg = Release|Any CPU
		{47E1DEFA-D30D-465A-AAFD-1EC31C8117AE}.Release|x64.Build.0 = Release|Any CPU
		{47E1DEFA-D30D-465A-AAFD-1EC31C8117AE}.Release|x86.ActiveCfg = Release|Any CPU
		{47E1DEFA-D30D-465A-AAFD-1EC31C8117AE}.Release|x86.Build.0 = Release|Any CPU
		{0AAB9D06-E63D-4C2D-8567-F3BCB6162565}.Debug|Any CPU.ActiveCfg = Debug|Any CPU
		{0AAB9D06-E63D-4C2D-8567-F3BCB6162565}.Debug|Any CPU.Build.0 = Debug|Any CPU
		{0AAB9D06-E63D-4C2D-8567-F3BCB6162565}.Debug|x64.ActiveCfg = Debug|Any CPU
		{0AAB9D06-E63D-4C2D-8567-F3BCB6162565}.Debug|x64.Build.0 = Debug|Any CPU
		{0AAB9D06-E63D-4C2D-8567-F3BCB6162565}.Debug|x86.ActiveCfg = Debug|Any CPU
		{0AAB9D06-E63D-4C2D-8567-F3BCB6162565}.Debug|x86.Build.0 = Debug|Any CPU
		{0AAB9D06-E63D-4C2D-8567-F3BCB6162565}.Release|Any CPU.ActiveCfg = Release|Any CPU
		{0AAB9D06-E63D-4C2D-8567-F3BCB6162565}.Release|Any CPU.Build.0 = Release|Any CPU
		{0AAB9D06-E63D-4C2D-8567-F3BCB6162565}.Release|x64.ActiveCfg = Release|Any CPU
		{0AAB9D06-E63D-4C2D-8567-F3BCB6162565}.Release|x64.Build.0 = Release|Any CPU
		{0AAB9D06-E63D-4C2D-8567-F3BCB6162565}.Release|x86.ActiveCfg = Release|Any CPU
		{0AAB9D06-E63D-4C2D-8567-F3BCB6162565}.Release|x86.Build.0 = Release|Any CPU
		{94BD919A-6E4C-44EA-B12D-1A1BD68B1A48}.Debug|Any CPU.ActiveCfg = Debug|Any CPU
		{94BD919A-6E4C-44EA-B12D-1A1BD68B1A48}.Debug|Any CPU.Build.0 = Debug|Any CPU
		{94BD919A-6E4C-44EA-B12D-1A1BD68B1A48}.Debug|x64.ActiveCfg = Debug|Any CPU
		{94BD919A-6E4C-44EA-B12D-1A1BD68B1A48}.Debug|x64.Build.0 = Debug|Any CPU
		{94BD919A-6E4C-44EA-B12D-1A1BD68B1A48}.Debug|x86.ActiveCfg = Debug|Any CPU
		{94BD919A-6E4C-44EA-B12D-1A1BD68B1A48}.Debug|x86.Build.0 = Debug|Any CPU
		{94BD919A-6E4C-44EA-B12D-1A1BD68B1A48}.Release|Any CPU.ActiveCfg = Release|Any CPU
		{94BD919A-6E4C-44EA-B12D-1A1BD68B1A48}.Release|Any CPU.Build.0 = Release|Any CPU
		{94BD919A-6E4C-44EA-B12D-1A1BD68B1A48}.Release|x64.ActiveCfg = Release|Any CPU
		{94BD919A-6E4C-44EA-B12D-1A1BD68B1A48}.Release|x64.Build.0 = Release|Any CPU
		{94BD919A-6E4C-44EA-B12D-1A1BD68B1A48}.Release|x86.ActiveCfg = Release|Any CPU
		{94BD919A-6E4C-44EA-B12D-1A1BD68B1A48}.Release|x86.Build.0 = Release|Any CPU
	EndGlobalSection
	GlobalSection(SolutionProperties) = preSolution
		HideSolutionNode = FALSE
	EndGlobalSection
	GlobalSection(NestedProjects) = preSolution
		{94BD919A-6E4C-44EA-B12D-1A1BD68B1A48} = {827E0CD3-B72D-47B6-A68D-7590B98EB39B}
	EndGlobalSection
	GlobalSection(ExtensibilityGlobals) = postSolution
		SolutionGuid = {1681831B-F407-415C-8866-353C5CFF79D4}
	EndGlobalSection
EndGlobal
